// !$*UTF8*$!
{
	archiveVersion = 1;
	classes = {
	};
	objectVersion = 48;
	objects = {

/* Begin PBXBuildFile section */
		4D2D9DA9202D450A0092B56B /* AppDelegate.m in Sources */ = {isa = PBXBuildFile; fileRef = 4D2D9DA8202D450A0092B56B /* AppDelegate.m */; };
		4D2D9DAC202D450A0092B56B /* ViewController.m in Sources */ = {isa = PBXBuildFile; fileRef = 4D2D9DAB202D450A0092B56B /* ViewController.m */; };
		4D2D9DAF202D450A0092B56B /* Main.storyboard in Resources */ = {isa = PBXBuildFile; fileRef = 4D2D9DAD202D450A0092B56B /* Main.storyboard */; };
		4D2D9DB1202D450A0092B56B /* Assets.xcassets in Resources */ = {isa = PBXBuildFile; fileRef = 4D2D9DB0202D450A0092B56B /* Assets.xcassets */; };
		4D2D9DB4202D450A0092B56B /* LaunchScreen.storyboard in Resources */ = {isa = PBXBuildFile; fileRef = 4D2D9DB2202D450A0092B56B /* LaunchScreen.storyboard */; };
		4D2D9DB7202D450A0092B56B /* main.m in Sources */ = {isa = PBXBuildFile; fileRef = 4D2D9DB6202D450A0092B56B /* main.m */; };
		4D2D9DC1202D450A0092B56B /* x264EncodeToH_264Tests.m in Sources */ = {isa = PBXBuildFile; fileRef = 4D2D9DC0202D450A0092B56B /* x264EncodeToH_264Tests.m */; };
		4D2D9DCC202D450A0092B56B /* x264EncodeToH_264UITests.m in Sources */ = {isa = PBXBuildFile; fileRef = 4D2D9DCB202D450A0092B56B /* x264EncodeToH_264UITests.m */; };
		4D2D9DE5202D46F10092B56B /* BBVideoConfig.m in Sources */ = {isa = PBXBuildFile; fileRef = 4D2D9DE4202D46F10092B56B /* BBVideoConfig.m */; };
		4D2D9DE8202D475C0092B56B /* BBH264SoftEncoder.m in Sources */ = {isa = PBXBuildFile; fileRef = 4D2D9DE7202D475C0092B56B /* BBH264SoftEncoder.m */; };
		4D2D9DEC202D47E50092B56B /* BBVideoCapture.m in Sources */ = {isa = PBXBuildFile; fileRef = 4D2D9DEA202D47E50092B56B /* BBVideoCapture.m */; };
		4D2D9DEE202D6B7E0092B56B /* libx264.a in Frameworks */ = {isa = PBXBuildFile; fileRef = 4D2D9DDE202D455A0092B56B /* libx264.a */; };
/* End PBXBuildFile section */

/* Begin PBXContainerItemProxy section */
		4D2D9DBD202D450A0092B56B /* PBXContainerItemProxy */ = {
			isa = PBXContainerItemProxy;
			containerPortal = 4D2D9D9C202D450A0092B56B /* Project object */;
			proxyType = 1;
			remoteGlobalIDString = 4D2D9DA3202D450A0092B56B;
			remoteInfo = x264EncodeToH.264;
		};
		4D2D9DC8202D450A0092B56B /* PBXContainerItemProxy */ = {
			isa = PBXContainerItemProxy;
			containerPortal = 4D2D9D9C202D450A0092B56B /* Project object */;
			proxyType = 1;
			remoteGlobalIDString = 4D2D9DA3202D450A0092B56B;
			remoteInfo = x264EncodeToH.264;
		};
/* End PBXContainerItemProxy section */

/* Begin PBXFileReference section */
		4D2D9DA4202D450A0092B56B /* x264EncodeToH.264.app */ = {isa = PBXFileReference; explicitFileType = wrapper.application; includeInIndex = 0; path = x264EncodeToH.264.app; sourceTree = BUILT_PRODUCTS_DIR; };
		4D2D9DA7202D450A0092B56B /* AppDelegate.h */ = {isa = PBXFileReference; lastKnownFileType = sourcecode.c.h; path = AppDelegate.h; sourceTree = "<group>"; };
		4D2D9DA8202D450A0092B56B /* AppDelegate.m */ = {isa = PBXFileReference; lastKnownFileType = sourcecode.c.objc; path = AppDelegate.m; sourceTree = "<group>"; };
		4D2D9DAA202D450A0092B56B /* ViewController.h */ = {isa = PBXFileReference; lastKnownFileType = sourcecode.c.h; path = ViewController.h; sourceTree = "<group>"; };
		4D2D9DAB202D450A0092B56B /* ViewController.m */ = {isa = PBXFileReference; lastKnownFileType = sourcecode.c.objc; path = ViewController.m; sourceTree = "<group>"; };
		4D2D9DAE202D450A0092B56B /* Base */ = {isa = PBXFileReference; lastKnownFileType = file.storyboard; name = Base; path = Base.lproj/Main.storyboard; sourceTree = "<group>"; };
		4D2D9DB0202D450A0092B56B /* Assets.xcassets */ = {isa = PBXFileReference; lastKnownFileType = folder.assetcatalog; path = Assets.xcassets; sourceTree = "<group>"; };
		4D2D9DB3202D450A0092B56B /* Base */ = {isa = PBXFileReference; lastKnownFileType = file.storyboard; name = Base; path = Base.lproj/LaunchScreen.storyboard; sourceTree = "<group>"; };
		4D2D9DB5202D450A0092B56B /* Info.plist */ = {isa = PBXFileReference; lastKnownFileType = text.plist.xml; path = Info.plist; sourceTree = "<group>"; };
		4D2D9DB6202D450A0092B56B /* main.m */ = {isa = PBXFileReference; lastKnownFileType = sourcecode.c.objc; path = main.m; sourceTree = "<group>"; };
		4D2D9DBC202D450A0092B56B /* x264EncodeToH.264Tests.xctest */ = {isa = PBXFileReference; explicitFileType = wrapper.cfbundle; includeInIndex = 0; path = x264EncodeToH.264Tests.xctest; sourceTree = BUILT_PRODUCTS_DIR; };
		4D2D9DC0202D450A0092B56B /* x264EncodeToH_264Tests.m */ = {isa = PBXFileReference; lastKnownFileType = sourcecode.c.objc; path = x264EncodeToH_264Tests.m; sourceTree = "<group>"; };
		4D2D9DC2202D450A0092B56B /* Info.plist */ = {isa = PBXFileReference; lastKnownFileType = text.plist.xml; path = Info.plist; sourceTree = "<group>"; };
		4D2D9DC7202D450A0092B56B /* x264EncodeToH.264UITests.xctest */ = {isa = PBXFileReference; explicitFileType = wrapper.cfbundle; includeInIndex = 0; path = x264EncodeToH.264UITests.xctest; sourceTree = BUILT_PRODUCTS_DIR; };
		4D2D9DCB202D450A0092B56B /* x264EncodeToH_264UITests.m */ = {isa = PBXFileReference; lastKnownFileType = sourcecode.c.objc; path = x264EncodeToH_264UITests.m; sourceTree = "<group>"; };
		4D2D9DCD202D450A0092B56B /* Info.plist */ = {isa = PBXFileReference; lastKnownFileType = text.plist.xml; path = Info.plist; sourceTree = "<group>"; };
		4D2D9DDB202D455A0092B56B /* x264.h */ = {isa = PBXFileReference; fileEncoding = 4; lastKnownFileType = sourcecode.c.h; path = x264.h; sourceTree = "<group>"; };
		4D2D9DDC202D455A0092B56B /* x264_config.h */ = {isa = PBXFileReference; fileEncoding = 4; lastKnownFileType = sourcecode.c.h; path = x264_config.h; sourceTree = "<group>"; };
		4D2D9DDE202D455A0092B56B /* libx264.a */ = {isa = PBXFileReference; lastKnownFileType = archive.ar; path = libx264.a; sourceTree = "<group>"; };
		4D2D9DE3202D46F10092B56B /* BBVideoConfig.h */ = {isa = PBXFileReference; lastKnownFileType = sourcecode.c.h; path = BBVideoConfig.h; sourceTree = "<group>"; };
		4D2D9DE4202D46F10092B56B /* BBVideoConfig.m */ = {isa = PBXFileReference; lastKnownFileType = sourcecode.c.objc; path = BBVideoConfig.m; sourceTree = "<group>"; };
		4D2D9DE6202D475C0092B56B /* BBH264SoftEncoder.h */ = {isa = PBXFileReference; lastKnownFileType = sourcecode.c.h; path = BBH264SoftEncoder.h; sourceTree = "<group>"; };
		4D2D9DE7202D475C0092B56B /* BBH264SoftEncoder.m */ = {isa = PBXFileReference; lastKnownFileType = sourcecode.c.objc; path = BBH264SoftEncoder.m; sourceTree = "<group>"; };
		4D2D9DEA202D47E50092B56B /* BBVideoCapture.m */ = {isa = PBXFileReference; fileEncoding = 4; lastKnownFileType = sourcecode.c.objc; path = BBVideoCapture.m; sourceTree = "<group>"; };
		4D2D9DEB202D47E50092B56B /* BBVideoCapture.h */ = {isa = PBXFileReference; fileEncoding = 4; lastKnownFileType = sourcecode.c.h; path = BBVideoCapture.h; sourceTree = "<group>"; };
/* End PBXFileReference section */

/* Begin PBXFrameworksBuildPhase section */
		4D2D9DA1202D450A0092B56B /* Frameworks */ = {
			isa = PBXFrameworksBuildPhase;
			buildActionMask = 2147483647;
			files = (
				4D2D9DEE202D6B7E0092B56B /* libx264.a in Frameworks */,
			);
			runOnlyForDeploymentPostprocessing = 0;
		};
		4D2D9DB9202D450A0092B56B /* Frameworks */ = {
			isa = PBXFrameworksBuildPhase;
			buildActionMask = 2147483647;
			files = (
			);
			runOnlyForDeploymentPostprocessing = 0;
		};
		4D2D9DC4202D450A0092B56B /* Frameworks */ = {
			isa = PBXFrameworksBuildPhase;
			buildActionMask = 2147483647;
			files = (
			);
			runOnlyForDeploymentPostprocessing = 0;
		};
/* End PBXFrameworksBuildPhase section */

/* Begin PBXGroup section */
		4D2D9D9B202D450A0092B56B = {
			isa = PBXGroup;
			children = (
				4D2D9DA6202D450A0092B56B /* x264EncodeToH.264 */,
				4D2D9DBF202D450A0092B56B /* x264EncodeToH.264Tests */,
				4D2D9DCA202D450A0092B56B /* x264EncodeToH.264UITests */,
				4D2D9DA5202D450A0092B56B /* Products */,
				4D2D9DED202D6B7E0092B56B /* Frameworks */,
			);
			sourceTree = "<group>";
		};
		4D2D9DA5202D450A0092B56B /* Products */ = {
			isa = PBXGroup;
			children = (
				4D2D9DA4202D450A0092B56B /* x264EncodeToH.264.app */,
				4D2D9DBC202D450A0092B56B /* x264EncodeToH.264Tests.xctest */,
				4D2D9DC7202D450A0092B56B /* x264EncodeToH.264UITests.xctest */,
			);
			name = Products;
			sourceTree = "<group>";
		};
		4D2D9DA6202D450A0092B56B /* x264EncodeToH.264 */ = {
			isa = PBXGroup;
			children = (
				4D2D9DE9202D477B0092B56B /* Capture */,
				4D2D9DE2202D460C0092B56B /* Config */,
				4D2D9DE1202D45BE0092B56B /* Encoder */,
				4D2D9DD9202D455A0092B56B /* x264-iOS */,
				4D2D9DA7202D450A0092B56B /* AppDelegate.h */,
				4D2D9DA8202D450A0092B56B /* AppDelegate.m */,
				4D2D9DAA202D450A0092B56B /* ViewController.h */,
				4D2D9DAB202D450A0092B56B /* ViewController.m */,
				4D2D9DAD202D450A0092B56B /* Main.storyboard */,
				4D2D9DB0202D450A0092B56B /* Assets.xcassets */,
				4D2D9DB2202D450A0092B56B /* LaunchScreen.storyboard */,
				4D2D9DB5202D450A0092B56B /* Info.plist */,
				4D2D9DB6202D450A0092B56B /* main.m */,
			);
			path = x264EncodeToH.264;
			sourceTree = "<group>";
		};
		4D2D9DBF202D450A0092B56B /* x264EncodeToH.264Tests */ = {
			isa = PBXGroup;
			children = (
				4D2D9DC0202D450A0092B56B /* x264EncodeToH_264Tests.m */,
				4D2D9DC2202D450A0092B56B /* Info.plist */,
			);
			path = x264EncodeToH.264Tests;
			sourceTree = "<group>";
		};
		4D2D9DCA202D450A0092B56B /* x264EncodeToH.264UITests */ = {
			isa = PBXGroup;
			children = (
				4D2D9DCB202D450A0092B56B /* x264EncodeToH_264UITests.m */,
				4D2D9DCD202D450A0092B56B /* Info.plist */,
			);
			path = x264EncodeToH.264UITests;
			sourceTree = "<group>";
		};
		4D2D9DD9202D455A0092B56B /* x264-iOS */ = {
			isa = PBXGroup;
			children = (
				4D2D9DDA202D455A0092B56B /* include */,
				4D2D9DDD202D455A0092B56B /* lib */,
			);
			path = "x264-iOS";
			sourceTree = "<group>";
		};
		4D2D9DDA202D455A0092B56B /* include */ = {
			isa = PBXGroup;
			children = (
				4D2D9DDB202D455A0092B56B /* x264.h */,
				4D2D9DDC202D455A0092B56B /* x264_config.h */,
			);
			path = include;
			sourceTree = "<group>";
		};
		4D2D9DDD202D455A0092B56B /* lib */ = {
			isa = PBXGroup;
			children = (
				4D2D9DDE202D455A0092B56B /* libx264.a */,
			);
			path = lib;
			sourceTree = "<group>";
		};
		4D2D9DE1202D45BE0092B56B /* Encoder */ = {
			isa = PBXGroup;
			children = (
				4D2D9DE6202D475C0092B56B /* BBH264SoftEncoder.h */,
				4D2D9DE7202D475C0092B56B /* BBH264SoftEncoder.m */,
			);
			path = Encoder;
			sourceTree = "<group>";
		};
		4D2D9DE2202D460C0092B56B /* Config */ = {
			isa = PBXGroup;
			children = (
				4D2D9DE3202D46F10092B56B /* BBVideoConfig.h */,
				4D2D9DE4202D46F10092B56B /* BBVideoConfig.m */,
			);
			path = Config;
			sourceTree = "<group>";
		};
		4D2D9DE9202D477B0092B56B /* Capture */ = {
			isa = PBXGroup;
			children = (
				4D2D9DEB202D47E50092B56B /* BBVideoCapture.h */,
				4D2D9DEA202D47E50092B56B /* BBVideoCapture.m */,
			);
			path = Capture;
			sourceTree = "<group>";
		};
		4D2D9DED202D6B7E0092B56B /* Frameworks */ = {
			isa = PBXGroup;
			children = (
			);
			name = Frameworks;
			sourceTree = "<group>";
		};
/* End PBXGroup section */

/* Begin PBXNativeTarget section */
		4D2D9DA3202D450A0092B56B /* x264EncodeToH.264 */ = {
			isa = PBXNativeTarget;
			buildConfigurationList = 4D2D9DD0202D450A0092B56B /* Build configuration list for PBXNativeTarget "x264EncodeToH.264" */;
			buildPhases = (
				4D2D9DA0202D450A0092B56B /* Sources */,
				4D2D9DA1202D450A0092B56B /* Frameworks */,
				4D2D9DA2202D450A0092B56B /* Resources */,
			);
			buildRules = (
			);
			dependencies = (
			);
			name = x264EncodeToH.264;
			productName = x264EncodeToH.264;
			productReference = 4D2D9DA4202D450A0092B56B /* x264EncodeToH.264.app */;
			productType = "com.apple.product-type.application";
		};
		4D2D9DBB202D450A0092B56B /* x264EncodeToH.264Tests */ = {
			isa = PBXNativeTarget;
			buildConfigurationList = 4D2D9DD3202D450A0092B56B /* Build configuration list for PBXNativeTarget "x264EncodeToH.264Tests" */;
			buildPhases = (
				4D2D9DB8202D450A0092B56B /* Sources */,
				4D2D9DB9202D450A0092B56B /* Frameworks */,
				4D2D9DBA202D450A0092B56B /* Resources */,
			);
			buildRules = (
			);
			dependencies = (
				4D2D9DBE202D450A0092B56B /* PBXTargetDependency */,
			);
			name = x264EncodeToH.264Tests;
			productName = x264EncodeToH.264Tests;
			productReference = 4D2D9DBC202D450A0092B56B /* x264EncodeToH.264Tests.xctest */;
			productType = "com.apple.product-type.bundle.unit-test";
		};
		4D2D9DC6202D450A0092B56B /* x264EncodeToH.264UITests */ = {
			isa = PBXNativeTarget;
			buildConfigurationList = 4D2D9DD6202D450A0092B56B /* Build configuration list for PBXNativeTarget "x264EncodeToH.264UITests" */;
			buildPhases = (
				4D2D9DC3202D450A0092B56B /* Sources */,
				4D2D9DC4202D450A0092B56B /* Frameworks */,
				4D2D9DC5202D450A0092B56B /* Resources */,
			);
			buildRules = (
			);
			dependencies = (
				4D2D9DC9202D450A0092B56B /* PBXTargetDependency */,
			);
			name = x264EncodeToH.264UITests;
			productName = x264EncodeToH.264UITests;
			productReference = 4D2D9DC7202D450A0092B56B /* x264EncodeToH.264UITests.xctest */;
			productType = "com.apple.product-type.bundle.ui-testing";
		};
/* End PBXNativeTarget section */

/* Begin PBXProject section */
		4D2D9D9C202D450A0092B56B /* Project object */ = {
			isa = PBXProject;
			attributes = {
				LastUpgradeCheck = 0900;
				ORGANIZATIONNAME = ibabyblue;
				TargetAttributes = {
					4D2D9DA3202D450A0092B56B = {
						CreatedOnToolsVersion = 9.0.1;
						ProvisioningStyle = Automatic;
					};
					4D2D9DBB202D450A0092B56B = {
						CreatedOnToolsVersion = 9.0.1;
						ProvisioningStyle = Automatic;
						TestTargetID = 4D2D9DA3202D450A0092B56B;
					};
					4D2D9DC6202D450A0092B56B = {
						CreatedOnToolsVersion = 9.0.1;
						ProvisioningStyle = Automatic;
						TestTargetID = 4D2D9DA3202D450A0092B56B;
					};
				};
			};
			buildConfigurationList = 4D2D9D9F202D450A0092B56B /* Build configuration list for PBXProject "x264EncodeToH.264" */;
			compatibilityVersion = "Xcode 8.0";
			developmentRegion = en;
			hasScannedForEncodings = 0;
			knownRegions = (
				en,
				Base,
			);
			mainGroup = 4D2D9D9B202D450A0092B56B;
			productRefGroup = 4D2D9DA5202D450A0092B56B /* Products */;
			projectDirPath = "";
			projectRoot = "";
			targets = (
				4D2D9DA3202D450A0092B56B /* x264EncodeToH.264 */,
				4D2D9DBB202D450A0092B56B /* x264EncodeToH.264Tests */,
				4D2D9DC6202D450A0092B56B /* x264EncodeToH.264UITests */,
			);
		};
/* End PBXProject section */

/* Begin PBXResourcesBuildPhase section */
		4D2D9DA2202D450A0092B56B /* Resources */ = {
			isa = PBXResourcesBuildPhase;
			buildActionMask = 2147483647;
			files = (
				4D2D9DB4202D450A0092B56B /* LaunchScreen.storyboard in Resources */,
				4D2D9DB1202D450A0092B56B /* Assets.xcassets in Resources */,
				4D2D9DAF202D450A0092B56B /* Main.storyboard in Resources */,
			);
			runOnlyForDeploymentPostprocessing = 0;
		};
		4D2D9DBA202D450A0092B56B /* Resources */ = {
			isa = PBXResourcesBuildPhase;
			buildActionMask = 2147483647;
			files = (
			);
			runOnlyForDeploymentPostprocessing = 0;
		};
		4D2D9DC5202D450A0092B56B /* Resources */ = {
			isa = PBXResourcesBuildPhase;
			buildActionMask = 2147483647;
			files = (
			);
			runOnlyForDeploymentPostprocessing = 0;
		};
/* End PBXResourcesBuildPhase section */

/* Begin PBXSourcesBuildPhase section */
		4D2D9DA0202D450A0092B56B /* Sources */ = {
			isa = PBXSourcesBuildPhase;
			buildActionMask = 2147483647;
			files = (
				4D2D9DAC202D450A0092B56B /* ViewController.m in Sources */,
				4D2D9DB7202D450A0092B56B /* main.m in Sources */,
				4D2D9DA9202D450A0092B56B /* AppDelegate.m in Sources */,
				4D2D9DE8202D475C0092B56B /* BBH264SoftEncoder.m in Sources */,
				4D2D9DEC202D47E50092B56B /* BBVideoCapture.m in Sources */,
				4D2D9DE5202D46F10092B56B /* BBVideoConfig.m in Sources */,
			);
			runOnlyForDeploymentPostprocessing = 0;
		};
		4D2D9DB8202D450A0092B56B /* Sources */ = {
			isa = PBXSourcesBuildPhase;
			buildActionMask = 2147483647;
			files = (
				4D2D9DC1202D450A0092B56B /* x264EncodeToH_264Tests.m in Sources */,
			);
			runOnlyForDeploymentPostprocessing = 0;
		};
		4D2D9DC3202D450A0092B56B /* Sources */ = {
			isa = PBXSourcesBuildPhase;
			buildActionMask = 2147483647;
			files = (
				4D2D9DCC202D450A0092B56B /* x264EncodeToH_264UITests.m in Sources */,
			);
			runOnlyForDeploymentPostprocessing = 0;
		};
/* End PBXSourcesBuildPhase section */

/* Begin PBXTargetDependency section */
		4D2D9DBE202D450A0092B56B /* PBXTargetDependency */ = {
			isa = PBXTargetDependency;
			target = 4D2D9DA3202D450A0092B56B /* x264EncodeToH.264 */;
			targetProxy = 4D2D9DBD202D450A0092B56B /* PBXContainerItemProxy */;
		};
		4D2D9DC9202D450A0092B56B /* PBXTargetDependency */ = {
			isa = PBXTargetDependency;
			target = 4D2D9DA3202D450A0092B56B /* x264EncodeToH.264 */;
			targetProxy = 4D2D9DC8202D450A0092B56B /* PBXContainerItemProxy */;
		};
/* End PBXTargetDependency section */

/* Begin PBXVariantGroup section */
		4D2D9DAD202D450A0092B56B /* Main.storyboard */ = {
			isa = PBXVariantGroup;
			children = (
				4D2D9DAE202D450A0092B56B /* Base */,
			);
			name = Main.storyboard;
			sourceTree = "<group>";
		};
		4D2D9DB2202D450A0092B56B /* LaunchScreen.storyboard */ = {
			isa = PBXVariantGroup;
			children = (
				4D2D9DB3202D450A0092B56B /* Base */,
			);
			name = LaunchScreen.storyboard;
			sourceTree = "<group>";
		};
/* End PBXVariantGroup section */

/* Begin XCBuildConfiguration section */
		4D2D9DCE202D450A0092B56B /* Debug */ = {
			isa = XCBuildConfiguration;
			buildSettings = {
				ALWAYS_SEARCH_USER_PATHS = NO;
				CLANG_ANALYZER_NONNULL = YES;
				CLANG_ANALYZER_NUMBER_OBJECT_CONVERSION = YES_AGGRESSIVE;
				CLANG_CXX_LANGUAGE_STANDARD = "gnu++14";
				CLANG_CXX_LIBRARY = "libc++";
				CLANG_ENABLE_MODULES = YES;
				CLANG_ENABLE_OBJC_ARC = YES;
				CLANG_WARN_BLOCK_CAPTURE_AUTORELEASING = YES;
				CLANG_WARN_BOOL_CONVERSION = YES;
				CLANG_WARN_COMMA = YES;
				CLANG_WARN_CONSTANT_CONVERSION = YES;
				CLANG_WARN_DIRECT_OBJC_ISA_USAGE = YES_ERROR;
				CLANG_WARN_DOCUMENTATION_COMMENTS = YES;
				CLANG_WARN_EMPTY_BODY = YES;
				CLANG_WARN_ENUM_CONVERSION = YES;
				CLANG_WARN_INFINITE_RECURSION = YES;
				CLANG_WARN_INT_CONVERSION = YES;
				CLANG_WARN_NON_LITERAL_NULL_CONVERSION = YES;
				CLANG_WARN_OBJC_LITERAL_CONVERSION = YES;
				CLANG_WARN_OBJC_ROOT_CLASS = YES_ERROR;
				CLANG_WARN_RANGE_LOOP_ANALYSIS = YES;
				CLANG_WARN_STRICT_PROTOTYPES = YES;
				CLANG_WARN_SUSPICIOUS_MOVE = YES;
				CLANG_WARN_UNGUARDED_AVAILABILITY = YES_AGGRESSIVE;
				CLANG_WARN_UNREACHABLE_CODE = YES;
				CLANG_WARN__DUPLICATE_METHOD_MATCH = YES;
				CODE_SIGN_IDENTITY = "iPhone Developer";
				COPY_PHASE_STRIP = NO;
				DEBUG_INFORMATION_FORMAT = dwarf;
				ENABLE_STRICT_OBJC_MSGSEND = YES;
				ENABLE_TESTABILITY = YES;
				GCC_C_LANGUAGE_STANDARD = gnu11;
				GCC_DYNAMIC_NO_PIC = NO;
				GCC_NO_COMMON_BLOCKS = YES;
				GCC_OPTIMIZATION_LEVEL = 0;
				GCC_PREPROCESSOR_DEFINITIONS = (
					"DEBUG=1",
					"$(inherited)",
				);
				GCC_WARN_64_TO_32_BIT_CONVERSION = YES;
				GCC_WARN_ABOUT_RETURN_TYPE = YES_ERROR;
				GCC_WARN_UNDECLARED_SELECTOR = YES;
				GCC_WARN_UNINITIALIZED_AUTOS = YES_AGGRESSIVE;
				GCC_WARN_UNUSED_FUNCTION = YES;
				GCC_WARN_UNUSED_VARIABLE = YES;
				IPHONEOS_DEPLOYMENT_TARGET = 11.0;
				MTL_ENABLE_DEBUG_INFO = YES;
				ONLY_ACTIVE_ARCH = YES;
				SDKROOT = iphoneos;
			};
			name = Debug;
		};
		4D2D9DCF202D450A0092B56B /* Release */ = {
			isa = XCBuildConfiguration;
			buildSettings = {
				ALWAYS_SEARCH_USER_PATHS = NO;
				CLANG_ANALYZER_NONNULL = YES;
				CLANG_ANALYZER_NUMBER_OBJECT_CONVERSION = YES_AGGRESSIVE;
				CLANG_CXX_LANGUAGE_STANDARD = "gnu++14";
				CLANG_CXX_LIBRARY = "libc++";
				CLANG_ENABLE_MODULES = YES;
				CLANG_ENABLE_OBJC_ARC = YES;
				CLANG_WARN_BLOCK_CAPTURE_AUTORELEASING = YES;
				CLANG_WARN_BOOL_CONVERSION = YES;
				CLANG_WARN_COMMA = YES;
				CLANG_WARN_CONSTANT_CONVERSION = YES;
				CLANG_WARN_DIRECT_OBJC_ISA_USAGE = YES_ERROR;
				CLANG_WARN_DOCUMENTATION_COMMENTS = YES;
				CLANG_WARN_EMPTY_BODY = YES;
				CLANG_WARN_ENUM_CONVERSION = YES;
				CLANG_WARN_INFINITE_RECURSION = YES;
				CLANG_WARN_INT_CONVERSION = YES;
				CLANG_WARN_NON_LITERAL_NULL_CONVERSION = YES;
				CLANG_WARN_OBJC_LITERAL_CONVERSION = YES;
				CLANG_WARN_OBJC_ROOT_CLASS = YES_ERROR;
				CLANG_WARN_RANGE_LOOP_ANALYSIS = YES;
				CLANG_WARN_STRICT_PROTOTYPES = YES;
				CLANG_WARN_SUSPICIOUS_MOVE = YES;
				CLANG_WARN_UNGUARDED_AVAILABILITY = YES_AGGRESSIVE;
				CLANG_WARN_UNREACHABLE_CODE = YES;
				CLANG_WARN__DUPLICATE_METHOD_MATCH = YES;
				CODE_SIGN_IDENTITY = "iPhone Developer";
				COPY_PHASE_STRIP = NO;
				DEBUG_INFORMATION_FORMAT = "dwarf-with-dsym";
				ENABLE_NS_ASSERTIONS = NO;
				ENABLE_STRICT_OBJC_MSGSEND = YES;
				GCC_C_LANGUAGE_STANDARD = gnu11;
				GCC_NO_COMMON_BLOCKS = YES;
				GCC_WARN_64_TO_32_BIT_CONVERSION = YES;
				GCC_WARN_ABOUT_RETURN_TYPE = YES_ERROR;
				GCC_WARN_UNDECLARED_SELECTOR = YES;
				GCC_WARN_UNINITIALIZED_AUTOS = YES_AGGRESSIVE;
				GCC_WARN_UNUSED_FUNCTION = YES;
				GCC_WARN_UNUSED_VARIABLE = YES;
				IPHONEOS_DEPLOYMENT_TARGET = 11.0;
				MTL_ENABLE_DEBUG_INFO = NO;
				SDKROOT = iphoneos;
				VALIDATE_PRODUCT = YES;
			};
			name = Release;
		};
		4D2D9DD1202D450A0092B56B /* Debug */ = {
			isa = XCBuildConfiguration;
			buildSettings = {
				ASSETCATALOG_COMPILER_APPICON_NAME = AppIcon;
				CODE_SIGN_STYLE = Automatic;
				DEVELOPMENT_TEAM = DUN98ZEQRP;
				INFOPLIST_FILE = x264EncodeToH.264/Info.plist;
				IPHONEOS_DEPLOYMENT_TARGET = 9.2;
				LD_RUNPATH_SEARCH_PATHS = "$(inherited) @executable_path/Frameworks";
				LIBRARY_SEARCH_PATHS = (
					"$(inherited)",
					"$(PROJECT_DIR)/x264-iOS/lib",
					"$(PROJECT_DIR)/x264EncodeToH.264/x264-iOS/lib",
				);
				PRODUCT_BUNDLE_IDENTIFIER = com.ibabyblue.x264EncodeToH.264;
				PRODUCT_NAME = "$(TARGET_NAME)";
				TARGETED_DEVICE_FAMILY = "1,2";
			};
			name = Debug;
		};
		4D2D9DD2202D450A0092B56B /* Release */ = {
			isa = XCBuildConfiguration;
			buildSettings = {
				ASSETCATALOG_COMPILER_APPICON_NAME = AppIcon;
				CODE_SIGN_STYLE = Automatic;
				DEVELOPMENT_TEAM = DUN98ZEQRP;
				INFOPLIST_FILE = x264EncodeToH.264/Info.plist;
				IPHONEOS_DEPLOYMENT_TARGET = 9.2;
				LD_RUNPATH_SEARCH_PATHS = "$(inherited) @executable_path/Frameworks";
				LIBRARY_SEARCH_PATHS = (
					"$(inherited)",
					"$(PROJECT_DIR)/x264-iOS/lib",
					"$(PROJECT_DIR)/x264EncodeToH.264/x264-iOS/lib",
				);
				PRODUCT_BUNDLE_IDENTIFIER = com.ibabyblue.x264EncodeToH.264;
				PRODUCT_NAME = "$(TARGET_NAME)";
				TARGETED_DEVICE_FAMILY = "1,2";
			};
			name = Release;
		};
		4D2D9DD4202D450A0092B56B /* Debug */ = {
			isa = XCBuildConfiguration;
			buildSettings = {
				BUNDLE_LOADER = "$(TEST_HOST)";
				CODE_SIGN_STYLE = Automatic;
				INFOPLIST_FILE = x264EncodeToH.264Tests/Info.plist;
				LD_RUNPATH_SEARCH_PATHS = "$(inherited) @executable_path/Frameworks @loader_path/Frameworks";
				PRODUCT_BUNDLE_IDENTIFIER = "com.ibabyblue.x264EncodeToH.264.x264EncodeToH-264Tests";
				PRODUCT_NAME = "$(TARGET_NAME)";
				TARGETED_DEVICE_FAMILY = "1,2";
				TEST_HOST = "$(BUILT_PRODUCTS_DIR)/x264EncodeToH.264.app/x264EncodeToH.264";
			};
			name = Debug;
		};
		4D2D9DD5202D450A0092B56B /* Release */ = {
			isa = XCBuildConfiguration;
			buildSettings = {
				BUNDLE_LOADER = "$(TEST_HOST)";
				CODE_SIGN_STYLE = Automatic;
				INFOPLIST_FILE = x264EncodeToH.264Tests/Info.plist;
				LD_RUNPATH_SEARCH_PATHS = "$(inherited) @executable_path/Frameworks @loader_path/Frameworks";
				PRODUCT_BUNDLE_IDENTIFIER = "com.ibabyblue.x264EncodeToH.264.x264EncodeToH-264Tests";
				PRODUCT_NAME = "$(TARGET_NAME)";
				TARGETED_DEVICE_FAMILY = "1,2";
				TEST_HOST = "$(BUILT_PRODUCTS_DIR)/x264EncodeToH.264.app/x264EncodeToH.264";
			};
			name = Release;
		};
		4D2D9DD7202D450A0092B56B /* Debug */ = {
			isa = XCBuildConfiguration;
			buildSettings = {
				CODE_SIGN_STYLE = Automatic;
				INFOPLIST_FILE = x264EncodeToH.264UITests/Info.plist;
				LD_RUNPATH_SEARCH_PATHS = "$(inherited) @executable_path/Frameworks @loader_path/Frameworks";
				PRODUCT_BUNDLE_IDENTIFIER = "com.ibabyblue.x264EncodeToH.264.x264EncodeToH-264UITests";
				PRODUCT_NAME = "$(TARGET_NAME)";
				TARGETED_DEVICE_FAMILY = "1,2";
				TEST_TARGET_NAME = x264EncodeToH.264;
			};
			name = Debug;
		};
		4D2D9DD8202D450A0092B56B /* Release */ = {
			isa = XCBuildConfiguration;
			buildSettings = {
				CODE_SIGN_STYLE = Automatic;
				INFOPLIST_FILE = x264EncodeToH.264UITests/Info.plist;
				LD_RUNPATH_SEARCH_PATHS = "$(inherited) @executable_path/Frameworks @loader_path/Frameworks";
				PRODUCT_BUNDLE_IDENTIFIER = "com.ibabyblue.x264EncodeToH.264.x264EncodeToH-264UITests";
				PRODUCT_NAME = "$(TARGET_NAME)";
				TARGETED_DEVICE_FAMILY = "1,2";
				TEST_TARGET_NAME = x264EncodeToH.264;
			};
			name = Release;
		};
/* End XCBuildConfiguration section */

/* Begin XCConfigurationList section */
		4D2D9D9F202D450A0092B56B /* Build configuration list for PBXProject "x264EncodeToH.264" */ = {
			isa = XCConfigurationList;
			buildConfigurations = (
				4D2D9DCE202D450A0092B56B /* Debug */,
				4D2D9DCF202D450A0092B56B /* Release */,
			);
			defaultConfigurationIsVisible = 0;
			defaultConfigurationName = Release;
		};
		4D2D9DD0202D450A0092B56B /* Build configuration list for PBXNativeTarget "x264EncodeToH.264" */ = {
			isa = XCConfigurationList;
			buildConfigurations = (
				4D2D9DD1202D450A0092B56B /* Debug */,
				4D2D9DD2202D450A0092B56B /* Release */,
			);
			defaultConfigurationIsVisible = 0;
			defaultConfigurationName = Release;
		};
		4D2D9DD3202D450A0092B56B /* Build configuration list for PBXNativeTarget "x264EncodeToH.264Tests" */ = {
			isa = XCConfigurationList;
			buildConfigurations = (
				4D2D9DD4202D450A0092B56B /* Debug */,
				4D2D9DD5202D450A0092B56B /* Release */,
			);
			defaultConfigurationIsVisible = 0;
			defaultConfigurationName = Release;
		};
		4D2D9DD6202D450A0092B56B /* Build configuration list for PBXNativeTarget "x264EncodeToH.264UITests" */ = {
			isa = XCConfigurationList;
			buildConfigurations = (
				4D2D9DD7202D450A0092B56B /* Debug */,
				4D2D9DD8202D450A0092B56B /* Release */,
			);
			defaultConfigurationIsVisible = 0;
			defaultConfigurationName = Release;
		};
/* End XCConfigurationList section */
	};
	rootObject = 4D2D9D9C202D450A0092B56B /* Project object */;
}
